// !$*UTF8*$!
{
	archiveVersion = 1;
	classes = {
	};
	objectVersion = 46;
	objects = {

/* Begin PBXBuildFile section */
		835DCD89139D6B75001C0245 /* axel.c in Sources */ = {isa = PBXBuildFile; fileRef = 835DCD72139D6B75001C0245 /* axel.c */; };
		835DCD8A139D6B75001C0245 /* conf.c in Sources */ = {isa = PBXBuildFile; fileRef = 835DCD74139D6B75001C0245 /* conf.c */; };
		835DCD8B139D6B75001C0245 /* configure in Resources */ = {isa = PBXBuildFile; fileRef = 835DCD77139D6B75001C0245 /* configure */; };
		835DCD8C139D6B75001C0245 /* conn.c in Sources */ = {isa = PBXBuildFile; fileRef = 835DCD78139D6B75001C0245 /* conn.c */; };
		835DCD8D139D6B75001C0245 /* COPYING in Resources */ = {isa = PBXBuildFile; fileRef = 835DCD7A139D6B75001C0245 /* COPYING */; };
		835DCD8E139D6B75001C0245 /* CREDITS in Resources */ = {isa = PBXBuildFile; fileRef = 835DCD7B139D6B75001C0245 /* CREDITS */; };
		835DCD8F139D6B75001C0245 /* ftp.c in Sources */ = {isa = PBXBuildFile; fileRef = 835DCD7C139D6B75001C0245 /* ftp.c */; };
		835DCD90139D6B75001C0245 /* http.c in Sources */ = {isa = PBXBuildFile; fileRef = 835DCD7E139D6B75001C0245 /* http.c */; };
		835DCD91139D6B75001C0245 /* search.c in Sources */ = {isa = PBXBuildFile; fileRef = 835DCD80139D6B75001C0245 /* search.c */; };
		835DCD92139D6B75001C0245 /* tcp.c in Sources */ = {isa = PBXBuildFile; fileRef = 835DCD82139D6B75001C0245 /* tcp.c */; };
		835DCD93139D6B75001C0245 /* AxelBridge.m in Sources */ = {isa = PBXBuildFile; fileRef = 835DCD85139D6B75001C0245 /* AxelBridge.m */; };
		835DCD94139D6B75001C0245 /* MaxelAppDelegate.rb in Resources */ = {isa = PBXBuildFile; fileRef = 835DCD86139D6B75001C0245 /* MaxelAppDelegate.rb */; };
		835DCD95139D6B75001C0245 /* MaxelController.rb in Resources */ = {isa = PBXBuildFile; fileRef = 835DCD87139D6B75001C0245 /* MaxelController.rb */; };
		835DCD96139D6B75001C0245 /* MaxelDownloader.rb in Resources */ = {isa = PBXBuildFile; fileRef = 835DCD88139D6B75001C0245 /* MaxelDownloader.rb */; };
		83A2C36D13960046008CAA21 /* Cocoa.framework in Frameworks */ = {isa = PBXBuildFile; fileRef = 83A2C36C13960046008CAA21 /* Cocoa.framework */; };
		83A2C36F13960046008CAA21 /* MacRuby.framework in Frameworks */ = {isa = PBXBuildFile; fileRef = 83A2C36E13960046008CAA21 /* MacRuby.framework */; };
		83A2C37913960046008CAA21 /* main.m in Sources */ = {isa = PBXBuildFile; fileRef = 83A2C37813960046008CAA21 /* main.m */; };
		83A2C37D13960047008CAA21 /* MainMenu.xib in Resources */ = {isa = PBXBuildFile; fileRef = 83A2C37B13960047008CAA21 /* MainMenu.xib */; };
		83A2C38013960047008CAA21 /* rb_main.rb in Resources */ = {isa = PBXBuildFile; fileRef = 83A2C37F13960047008CAA21 /* rb_main.rb */; };
		83BAC2E5139EF1C900D03809 /* utility.rb in Resources */ = {isa = PBXBuildFile; fileRef = 83BAC2E4139EF1C900D03809 /* utility.rb */; };
		83BAC2E8139EF53400D03809 /* Maxel.icns in Resources */ = {isa = PBXBuildFile; fileRef = 83BAC2E7139EF53400D03809 /* Maxel.icns */; };
/* End PBXBuildFile section */

/* Begin PBXFileReference section */
		835DCD72139D6B75001C0245 /* axel.c */ = {isa = PBXFileReference; fileEncoding = 4; lastKnownFileType = sourcecode.c.c; path = axel.c; sourceTree = "<group>"; };
		835DCD73139D6B75001C0245 /* axel.h */ = {isa = PBXFileReference; fileEncoding = 4; lastKnownFileType = sourcecode.c.h; path = axel.h; sourceTree = "<group>"; };
		835DCD74139D6B75001C0245 /* conf.c */ = {isa = PBXFileReference; fileEncoding = 4; lastKnownFileType = sourcecode.c.c; path = conf.c; sourceTree = "<group>"; };
		835DCD75139D6B75001C0245 /* conf.h */ = {isa = PBXFileReference; fileEncoding = 4; lastKnownFileType = sourcecode.c.h; path = conf.h; sourceTree = "<group>"; };
		835DCD76139D6B75001C0245 /* config.h */ = {isa = PBXFileReference; fileEncoding = 4; lastKnownFileType = sourcecode.c.h; path = config.h; sourceTree = "<group>"; };
		835DCD77139D6B75001C0245 /* configure */ = {isa = PBXFileReference; fileEncoding = 4; lastKnownFileType = text.script.sh; path = configure; sourceTree = "<group>"; };
		835DCD78139D6B75001C0245 /* conn.c */ = {isa = PBXFileReference; fileEncoding = 4; lastKnownFileType = sourcecode.c.c; path = conn.c; sourceTree = "<group>"; };
		835DCD79139D6B75001C0245 /* conn.h */ = {isa = PBXFileReference; fileEncoding = 4; lastKnownFileType = sourcecode.c.h; path = conn.h; sourceTree = "<group>"; };
		835DCD7A139D6B75001C0245 /* COPYING */ = {isa = PBXFileReference; fileEncoding = 4; lastKnownFileType = text; path = COPYING; sourceTree = "<group>"; };
		835DCD7B139D6B75001C0245 /* CREDITS */ = {isa = PBXFileReference; fileEncoding = 4; lastKnownFileType = text; path = CREDITS; sourceTree = "<group>"; };
		835DCD7C139D6B75001C0245 /* ftp.c */ = {isa = PBXFileReference; fileEncoding = 4; lastKnownFileType = sourcecode.c.c; path = ftp.c; sourceTree = "<group>"; };
		835DCD7D139D6B75001C0245 /* ftp.h */ = {isa = PBXFileReference; fileEncoding = 4; lastKnownFileType = sourcecode.c.h; path = ftp.h; sourceTree = "<group>"; };
		835DCD7E139D6B75001C0245 /* http.c */ = {isa = PBXFileReference; fileEncoding = 4; lastKnownFileType = sourcecode.c.c; path = http.c; sourceTree = "<group>"; };
		835DCD7F139D6B75001C0245 /* http.h */ = {isa = PBXFileReference; fileEncoding = 4; lastKnownFileType = sourcecode.c.h; path = http.h; sourceTree = "<group>"; };
		835DCD80139D6B75001C0245 /* search.c */ = {isa = PBXFileReference; fileEncoding = 4; lastKnownFileType = sourcecode.c.c; path = search.c; sourceTree = "<group>"; };
		835DCD81139D6B75001C0245 /* search.h */ = {isa = PBXFileReference; fileEncoding = 4; lastKnownFileType = sourcecode.c.h; path = search.h; sourceTree = "<group>"; };
		835DCD82139D6B75001C0245 /* tcp.c */ = {isa = PBXFileReference; fileEncoding = 4; lastKnownFileType = sourcecode.c.c; path = tcp.c; sourceTree = "<group>"; };
		835DCD83139D6B75001C0245 /* tcp.h */ = {isa = PBXFileReference; fileEncoding = 4; lastKnownFileType = sourcecode.c.h; path = tcp.h; sourceTree = "<group>"; };
		835DCD84139D6B75001C0245 /* AxelBridge.h */ = {isa = PBXFileReference; fileEncoding = 4; lastKnownFileType = sourcecode.c.h; path = AxelBridge.h; sourceTree = "<group>"; };
		835DCD85139D6B75001C0245 /* AxelBridge.m */ = {isa = PBXFileReference; fileEncoding = 4; lastKnownFileType = sourcecode.c.objc; path = AxelBridge.m; sourceTree = "<group>"; };
		835DCD86139D6B75001C0245 /* MaxelAppDelegate.rb */ = {isa = PBXFileReference; fileEncoding = 4; lastKnownFileType = text.script.ruby; path = MaxelAppDelegate.rb; sourceTree = "<group>"; };
		835DCD87139D6B75001C0245 /* MaxelController.rb */ = {isa = PBXFileReference; fileEncoding = 4; lastKnownFileType = text.script.ruby; path = MaxelController.rb; sourceTree = "<group>"; };
		835DCD88139D6B75001C0245 /* MaxelDownloader.rb */ = {isa = PBXFileReference; fileEncoding = 4; lastKnownFileType = text.script.ruby; path = MaxelDownloader.rb; sourceTree = "<group>"; };
		83A2C36813960046008CAA21 /* Maxel.app */ = {isa = PBXFileReference; explicitFileType = wrapper.application; includeInIndex = 0; path = Maxel.app; sourceTree = BUILT_PRODUCTS_DIR; };
		83A2C36C13960046008CAA21 /* Cocoa.framework */ = {isa = PBXFileReference; lastKnownFileType = wrapper.framework; name = Cocoa.framework; path = System/Library/Frameworks/Cocoa.framework; sourceTree = SDKROOT; };
		83A2C36E13960046008CAA21 /* MacRuby.framework */ = {isa = PBXFileReference; lastKnownFileType = wrapper.framework; name = MacRuby.framework; path = System/Library/Frameworks/MacRuby.framework; sourceTree = SDKROOT; };
		83A2C37313960046008CAA21 /* Maxel-Info.plist */ = {isa = PBXFileReference; lastKnownFileType = text.plist.xml; path = "Maxel-Info.plist"; sourceTree = "<group>"; };
		83A2C37713960046008CAA21 /* Maxel-Prefix.pch */ = {isa = PBXFileReference; lastKnownFileType = sourcecode.c.h; path = "Maxel-Prefix.pch"; sourceTree = "<group>"; };
		83A2C37813960046008CAA21 /* main.m */ = {isa = PBXFileReference; lastKnownFileType = sourcecode.c.objc; path = main.m; sourceTree = "<group>"; };
		83A2C37C13960047008CAA21 /* en */ = {isa = PBXFileReference; lastKnownFileType = file.xib; name = en; path = en.lproj/MainMenu.xib; sourceTree = "<group>"; };
		83A2C37F13960047008CAA21 /* rb_main.rb */ = {isa = PBXFileReference; lastKnownFileType = text.script.ruby; path = rb_main.rb; sourceTree = "<group>"; };
		83BAC2E4139EF1C900D03809 /* utility.rb */ = {isa = PBXFileReference; fileEncoding = 4; lastKnownFileType = text.script.ruby; path = utility.rb; sourceTree = "<group>"; };
		83BAC2E7139EF53400D03809 /* Maxel.icns */ = {isa = PBXFileReference; lastKnownFileType = image.icns; path = Maxel.icns; sourceTree = "<group>"; };
/* End PBXFileReference section */

/* Begin PBXFrameworksBuildPhase section */
		83A2C36513960046008CAA21 /* Frameworks */ = {
			isa = PBXFrameworksBuildPhase;
			buildActionMask = 2147483647;
			files = (
				83A2C36D13960046008CAA21 /* Cocoa.framework in Frameworks */,
				83A2C36F13960046008CAA21 /* MacRuby.framework in Frameworks */,
			);
			runOnlyForDeploymentPostprocessing = 0;
		};
/* End PBXFrameworksBuildPhase section */

/* Begin PBXGroup section */
		835DCD70139D6B75001C0245 /* Classes */ = {
			isa = PBXGroup;
			children = (
				835DCD71139D6B75001C0245 /* Axel */,
				835DCD84139D6B75001C0245 /* AxelBridge.h */,
				835DCD85139D6B75001C0245 /* AxelBridge.m */,
				835DCD86139D6B75001C0245 /* MaxelAppDelegate.rb */,
				835DCD87139D6B75001C0245 /* MaxelController.rb */,
				835DCD88139D6B75001C0245 /* MaxelDownloader.rb */,
				83BAC2E4139EF1C900D03809 /* utility.rb */,
			);
			path = Classes;
			sourceTree = "<group>";
		};
		835DCD71139D6B75001C0245 /* Axel */ = {
			isa = PBXGroup;
			children = (
				835DCD72139D6B75001C0245 /* axel.c */,
				835DCD73139D6B75001C0245 /* axel.h */,
				835DCD74139D6B75001C0245 /* conf.c */,
				835DCD75139D6B75001C0245 /* conf.h */,
				835DCD76139D6B75001C0245 /* config.h */,
				835DCD77139D6B75001C0245 /* configure */,
				835DCD78139D6B75001C0245 /* conn.c */,
				835DCD79139D6B75001C0245 /* conn.h */,
				835DCD7A139D6B75001C0245 /* COPYING */,
				835DCD7B139D6B75001C0245 /* CREDITS */,
				835DCD7C139D6B75001C0245 /* ftp.c */,
				835DCD7D139D6B75001C0245 /* ftp.h */,
				835DCD7E139D6B75001C0245 /* http.c */,
				835DCD7F139D6B75001C0245 /* http.h */,
				835DCD80139D6B75001C0245 /* search.c */,
				835DCD81139D6B75001C0245 /* search.h */,
				835DCD82139D6B75001C0245 /* tcp.c */,
				835DCD83139D6B75001C0245 /* tcp.h */,
			);
			path = Axel;
			sourceTree = "<group>";
		};
		83A2C35D13960046008CAA21 = {
			isa = PBXGroup;
			children = (
				83A2C37113960046008CAA21 /* Maxel */,
				83A2C36B13960046008CAA21 /* Frameworks */,
				83A2C36913960046008CAA21 /* Products */,
			);
			sourceTree = "<group>";
		};
		83A2C36913960046008CAA21 /* Products */ = {
			isa = PBXGroup;
			children = (
				83A2C36813960046008CAA21 /* Maxel.app */,
			);
			name = Products;
			sourceTree = "<group>";
		};
		83A2C36B13960046008CAA21 /* Frameworks */ = {
			isa = PBXGroup;
			children = (
				83A2C36C13960046008CAA21 /* Cocoa.framework */,
				83A2C36E13960046008CAA21 /* MacRuby.framework */,
			);
			name = Frameworks;
			sourceTree = "<group>";
		};
		83A2C37113960046008CAA21 /* Maxel */ = {
			isa = PBXGroup;
			children = (
				835DCD70139D6B75001C0245 /* Classes */,
				83A2C37A13960047008CAA21 /* Resources */,
				83A2C37E13960047008CAA21 /* Other Sources */,
				83A2C37213960046008CAA21 /* Supporting Files */,
			);
			path = Maxel;
			sourceTree = "<group>";
		};
		83A2C37213960046008CAA21 /* Supporting Files */ = {
			isa = PBXGroup;
			children = (
				83BAC2E7139EF53400D03809 /* Maxel.icns */,
				83A2C37313960046008CAA21 /* Maxel-Info.plist */,
				83A2C37713960046008CAA21 /* Maxel-Prefix.pch */,
				83A2C37813960046008CAA21 /* main.m */,
			);
			name = "Supporting Files";
			sourceTree = "<group>";
		};
		83A2C37A13960047008CAA21 /* Resources */ = {
			isa = PBXGroup;
			children = (
				83A2C37B13960047008CAA21 /* MainMenu.xib */,
			);
			name = Resources;
			sourceTree = "<group>";
		};
		83A2C37E13960047008CAA21 /* Other Sources */ = {
			isa = PBXGroup;
			children = (
				83A2C37F13960047008CAA21 /* rb_main.rb */,
			);
			name = "Other Sources";
			sourceTree = "<group>";
		};
/* End PBXGroup section */

/* Begin PBXLegacyTarget section */
		83A2C37013960046008CAA21 /* Deployment */ = {
			isa = PBXLegacyTarget;
			buildArgumentsString = "--compile --embed";
			buildConfigurationList = 83A2C38813960047008CAA21 /* Build configuration list for PBXLegacyTarget "Deployment" */;
			buildPhases = (
			);
			buildToolPath = /usr/local/bin/macruby_deploy;
			dependencies = (
			);
			name = Deployment;
			passBuildSettingsInEnvironment = 1;
			productName = Deployment;
		};
/* End PBXLegacyTarget section */

/* Begin PBXNativeTarget section */
		83A2C36713960046008CAA21 /* Maxel */ = {
			isa = PBXNativeTarget;
			buildConfigurationList = 83A2C38513960047008CAA21 /* Build configuration list for PBXNativeTarget "Maxel" */;
			buildPhases = (
				83A2C36413960046008CAA21 /* Sources */,
				83A2C36513960046008CAA21 /* Frameworks */,
				83A2C36613960046008CAA21 /* Resources */,
			);
			buildRules = (
			);
			dependencies = (
			);
			name = Maxel;
			productName = Maxel;
			productReference = 83A2C36813960046008CAA21 /* Maxel.app */;
			productType = "com.apple.product-type.application";
		};
/* End PBXNativeTarget section */

/* Begin PBXProject section */
		83A2C35F13960046008CAA21 /* Project object */ = {
			isa = PBXProject;
			attributes = {
				ORGANIZATIONNAME = "University of Southern California";
			};
			buildConfigurationList = 83A2C36213960046008CAA21 /* Build configuration list for PBXProject "Maxel" */;
			compatibilityVersion = "Xcode 3.2";
			developmentRegion = English;
			hasScannedForEncodings = 0;
			knownRegions = (
				en,
			);
			mainGroup = 83A2C35D13960046008CAA21;
			productRefGroup = 83A2C36913960046008CAA21 /* Products */;
			projectDirPath = "";
			projectRoot = "";
			targets = (
				83A2C36713960046008CAA21 /* Maxel */,
				83A2C37013960046008CAA21 /* Deployment */,
			);
		};
/* End PBXProject section */

/* Begin PBXResourcesBuildPhase section */
		83A2C36613960046008CAA21 /* Resources */ = {
			isa = PBXResourcesBuildPhase;
			buildActionMask = 2147483647;
			files = (
				83A2C37D13960047008CAA21 /* MainMenu.xib in Resources */,
				83A2C38013960047008CAA21 /* rb_main.rb in Resources */,
				835DCD8B139D6B75001C0245 /* configure in Resources */,
				835DCD8D139D6B75001C0245 /* COPYING in Resources */,
				835DCD8E139D6B75001C0245 /* CREDITS in Resources */,
				835DCD94139D6B75001C0245 /* MaxelAppDelegate.rb in Resources */,
				835DCD95139D6B75001C0245 /* MaxelController.rb in Resources */,
				835DCD96139D6B75001C0245 /* MaxelDownloader.rb in Resources */,
				83BAC2E5139EF1C900D03809 /* utility.rb in Resources */,
				83BAC2E8139EF53400D03809 /* Maxel.icns in Resources */,
			);
			runOnlyForDeploymentPostprocessing = 0;
		};
/* End PBXResourcesBuildPhase section */

/* Begin PBXSourcesBuildPhase section */
		83A2C36413960046008CAA21 /* Sources */ = {
			isa = PBXSourcesBuildPhase;
			buildActionMask = 2147483647;
			files = (
				83A2C37913960046008CAA21 /* main.m in Sources */,
				835DCD89139D6B75001C0245 /* axel.c in Sources */,
				835DCD8A139D6B75001C0245 /* conf.c in Sources */,
				835DCD8C139D6B75001C0245 /* conn.c in Sources */,
				835DCD8F139D6B75001C0245 /* ftp.c in Sources */,
				835DCD90139D6B75001C0245 /* http.c in Sources */,
				835DCD91139D6B75001C0245 /* search.c in Sources */,
				835DCD92139D6B75001C0245 /* tcp.c in Sources */,
				835DCD93139D6B75001C0245 /* AxelBridge.m in Sources */,
			);
			runOnlyForDeploymentPostprocessing = 0;
		};
/* End PBXSourcesBuildPhase section */

/* Begin PBXVariantGroup section */
		83A2C37B13960047008CAA21 /* MainMenu.xib */ = {
			isa = PBXVariantGroup;
			children = (
				83A2C37C13960047008CAA21 /* en */,
			);
			name = MainMenu.xib;
			sourceTree = "<group>";
		};
/* End PBXVariantGroup section */

/* Begin XCBuildConfiguration section */
		83A2C38313960047008CAA21 /* Debug */ = {
			isa = XCBuildConfiguration;
			buildSettings = {
				ARCHS = "$(ARCHS_STANDARD_32_64_BIT)";
				GCC_C_LANGUAGE_STANDARD = gnu99;
				GCC_OPTIMIZATION_LEVEL = 0;
				GCC_PREPROCESSOR_DEFINITIONS = DEBUG;
				GCC_SYMBOLS_PRIVATE_EXTERN = NO;
				GCC_VERSION = com.apple.compilers.llvm.clang.1_0;
				GCC_WARN_64_TO_32_BIT_CONVERSION = YES;
				GCC_WARN_ABOUT_RETURN_TYPE = YES;
				GCC_WARN_UNUSED_VARIABLE = YES;
				MACOSX_DEPLOYMENT_TARGET = 10.6;
				ONLY_ACTIVE_ARCH = YES;
				SDKROOT = macosx;
				VALID_ARCHS = x86_64;
			};
			name = Debug;
		};
		83A2C38413960047008CAA21 /* Release */ = {
			isa = XCBuildConfiguration;
			buildSettings = {
				ARCHS = "$(ARCHS_STANDARD_32_64_BIT)";
				GCC_C_LANGUAGE_STANDARD = gnu99;
				GCC_VERSION = com.apple.compilers.llvm.clang.1_0;
				GCC_WARN_64_TO_32_BIT_CONVERSION = YES;
				GCC_WARN_ABOUT_RETURN_TYPE = YES;
				GCC_WARN_UNUSED_VARIABLE = YES;
				MACOSX_DEPLOYMENT_TARGET = 10.6;
				SDKROOT = macosx;
				VALID_ARCHS = x86_64;
			};
			name = Release;
		};
		83A2C38613960047008CAA21 /* Debug */ = {
			isa = XCBuildConfiguration;
			buildSettings = {
				ALWAYS_SEARCH_USER_PATHS = NO;
				COPY_PHASE_STRIP = NO;
				GCC_DYNAMIC_NO_PIC = NO;
				GCC_ENABLE_OBJC_EXCEPTIONS = YES;
				GCC_ENABLE_OBJC_GC = required;
				GCC_PRECOMPILE_PREFIX_HEADER = YES;
				GCC_PREFIX_HEADER = "Maxel/Maxel-Prefix.pch";
				INFOPLIST_FILE = "Maxel/Maxel-Info.plist";
				PRODUCT_NAME = "$(TARGET_NAME)";
				WRAPPER_EXTENSION = app;
			};
			name = Debug;
		};
		83A2C38713960047008CAA21 /* Release */ = {
			isa = XCBuildConfiguration;
			buildSettings = {
				ALWAYS_SEARCH_USER_PATHS = NO;
				COPY_PHASE_STRIP = YES;
				DEBUG_INFORMATION_FORMAT = "dwarf-with-dsym";
				GCC_ENABLE_OBJC_EXCEPTIONS = YES;
				GCC_ENABLE_OBJC_GC = required;
				GCC_PRECOMPILE_PREFIX_HEADER = YES;
				GCC_PREFIX_HEADER = "Maxel/Maxel-Prefix.pch";
				INFOPLIST_FILE = "Maxel/Maxel-Info.plist";
				PRODUCT_NAME = "$(TARGET_NAME)";
				WRAPPER_EXTENSION = app;
			};
			name = Release;
		};
		83A2C38913960047008CAA21 /* Debug */ = {
			isa = XCBuildConfiguration;
			buildSettings = {
			};
			name = Debug;
		};
		83A2C38A13960047008CAA21 /* Release */ = {
			isa = XCBuildConfiguration;
			buildSettings = {
			};
			name = Release;
		};
/* End XCBuildConfiguration section */

/* Begin XCConfigurationList section */
		83A2C36213960046008CAA21 /* Build configuration list for PBXProject "Maxel" */ = {
			isa = XCConfigurationList;
			buildConfigurations = (
				83A2C38313960047008CAA21 /* Debug */,
				83A2C38413960047008CAA21 /* Release */,
			);
			defaultConfigurationIsVisible = 0;
			defaultConfigurationName = Debug;
		};
		83A2C38513960047008CAA21 /* Build configuration list for PBXNativeTarget "Maxel" */ = {
			isa = XCConfigurationList;
			buildConfigurations = (
				83A2C38613960047008CAA21 /* Debug */,
				83A2C38713960047008CAA21 /* Release */,
			);
			defaultConfigurationIsVisible = 0;
			defaultConfigurationName = Debug;
		};
		83A2C38813960047008CAA21 /* Build configuration list for PBXLegacyTarget "Deployment" */ = {
			isa = XCConfigurationList;
			buildConfigurations = (
				83A2C38913960047008CAA21 /* Debug */,
				83A2C38A13960047008CAA21 /* Release */,
			);
			defaultConfigurationIsVisible = 0;
			defaultConfigurationName = Debug;
		};
/* End XCConfigurationList section */
	};
	rootObject = 83A2C35F13960046008CAA21 /* Project object */;
}
